<?xml version="1.0" encoding="utf-8"?>
<Project ToolsVersion="4.0" xmlns="http://schemas.microsoft.com/developer/msbuild/2003">
  <ItemGroup>
    <Filter Include="Source files">
      <UniqueIdentifier>{5aee7a9e-3502-4969-ae81-5307c4fc567c}</UniqueIdentifier>
      <Extensions>cpp;c;cc;cxx;def;odl;idl;hpj;bat;asm;asmx</Extensions>
    </Filter>
    <Filter Include="Header files">
      <UniqueIdentifier>{21d76d97-9c2b-408a-a911-3090134376ee}</UniqueIdentifier>
      <Extensions>h;hpp;hxx;hm;inl;inc;xsd</Extensions>
    </Filter>
    <Filter Include="Resource files">
      <UniqueIdentifier>{e76abe29-e084-4fc8-a870-d027f1b88303}</UniqueIdentifier>
      <Extensions>rc;ico;cur;bmp;dlg;rc2;rct;bin;rgs;gif;jpg;jpeg;jpe;resx;tiff;tif;png;wav</Extensions>
    </Filter>
    <Filter Include="Make files">
      <UniqueIdentifier>{da61a4ee-d49b-4c2e-9866-b3f6716314ce}</UniqueIdentifier>
      <Extensions>*.mak</Extensions>
    </Filter>
    <Filter Include="VisualGDB settings">
      <UniqueIdentifier>{b0c85bfb-eaf7-4623-9c07-95571402e54a}</UniqueIdentifier>
      <Extensions>*.vgdbsettings</Extensions>
    </Filter>
  </ItemGroup>
  <ItemGroup>
    <ClCompile Include="emJSON.c">
      <Filter>Source files</Filter>
    </ClCompile>
    <ClCompile Include="main.c">
      <Filter>Source files</Filter>
    </ClCompile>
    <ClCompile Include="json.c">
      <Filter>Source files</Filter>
    </ClCompile>
  </ItemGroup>
  <ItemGroup>
    <None Include="Makefile" />
    <None Include="debug.mak">
      <Filter>Make files</Filter>
    </None>
    <None Include="emJSON-Debug.vgdbsettings">
      <Filter>VisualGDB settings</Filter>
    </None>
    <None Include="release.mak">
      <Filter>Make files</Filter>
    </None>
    <None Include="emJSON-Release.vgdbsettings">
      <Filter>VisualGDB settings</Filter>
    </None>
    <None Include="README.md" />
  </ItemGroup>
  <ItemGroup>
    <ClInclude Include="emJSON.h">
      <Filter>Header files</Filter>
    </ClInclude>
    <ClInclude Include="json.h">
      <Filter>Header files</Filter>
    </ClInclude>
  </ItemGroup>
</Project>